// !$*UTF8*$!
{
	archiveVersion = 1;
	classes = {
	};
	objectVersion = 46;
	objects = {

/* Begin PBXBuildFile section */
		6A1640CA1ECD8A7600C74122 /* ProductVC.swift in Sources */ = {isa = PBXBuildFile; fileRef = 6A1640C91ECD8A7600C74122 /* ProductVC.swift */; };
		6A1A967B1EDF47A400B65287 /* MyPageViewController.swift in Sources */ = {isa = PBXBuildFile; fileRef = 6A1A967A1EDF47A400B65287 /* MyPageViewController.swift */; };
		6A1A967D1EDF480800B65287 /* PageyViewController.swift in Sources */ = {isa = PBXBuildFile; fileRef = 6A1A967C1EDF480800B65287 /* PageyViewController.swift */; };
		6A1A967F1EDF5C8900B65287 /* RegisterVC.swift in Sources */ = {isa = PBXBuildFile; fileRef = 6A1A967E1EDF5C8900B65287 /* RegisterVC.swift */; };
		6A1D8B081ED66E300034DAC7 /* CoreData.framework in Frameworks */ = {isa = PBXBuildFile; fileRef = 6A1D8B071ED66E300034DAC7 /* CoreData.framework */; };
		6A6276211ECCF57100497AC6 /* ProductsVC.swift in Sources */ = {isa = PBXBuildFile; fileRef = 6A6276201ECCF57100497AC6 /* ProductsVC.swift */; };
		6A88C1101ECE313E0029DE8F /* ScanSearchVC.swift in Sources */ = {isa = PBXBuildFile; fileRef = 6A88C10F1ECE313E0029DE8F /* ScanSearchVC.swift */; };
		6A9E58061EDDE1C3008140FA /* FinalHomeVC.swift in Sources */ = {isa = PBXBuildFile; fileRef = 6A9E58051EDDE1C3008140FA /* FinalHomeVC.swift */; };
		8C2A2DAE1ECCC7810060F02C /* AppDelegate.swift in Sources */ = {isa = PBXBuildFile; fileRef = 8C2A2DAD1ECCC7810060F02C /* AppDelegate.swift */; };
		8C2A2DB01ECCC7810060F02C /* LoginVC.swift in Sources */ = {isa = PBXBuildFile; fileRef = 8C2A2DAF1ECCC7810060F02C /* LoginVC.swift */; };
		8C2A2DB31ECCC7820060F02C /* Main.storyboard in Resources */ = {isa = PBXBuildFile; fileRef = 8C2A2DB11ECCC7820060F02C /* Main.storyboard */; };
		8C2A2DB61ECCC7820060F02C /* EncoreScientific.xcdatamodeld in Sources */ = {isa = PBXBuildFile; fileRef = 8C2A2DB41ECCC7820060F02C /* EncoreScientific.xcdatamodeld */; };
		8C2A2DB81ECCC7820060F02C /* Assets.xcassets in Resources */ = {isa = PBXBuildFile; fileRef = 8C2A2DB71ECCC7820060F02C /* Assets.xcassets */; };
		8C2A2DBB1ECCC7820060F02C /* LaunchScreen.storyboard in Resources */ = {isa = PBXBuildFile; fileRef = 8C2A2DB91ECCC7820060F02C /* LaunchScreen.storyboard */; };
		8C2A2DC61ECCC7820060F02C /* EncoreScientificTests.swift in Sources */ = {isa = PBXBuildFile; fileRef = 8C2A2DC51ECCC7820060F02C /* EncoreScientificTests.swift */; };
		8C2A2DD11ECCC7820060F02C /* EncoreScientificUITests.swift in Sources */ = {isa = PBXBuildFile; fileRef = 8C2A2DD01ECCC7820060F02C /* EncoreScientificUITests.swift */; };
		8C2A2DE01ECCD7520060F02C /* Customer.swift in Sources */ = {isa = PBXBuildFile; fileRef = 8C2A2DDF1ECCD7520060F02C /* Customer.swift */; };
		8C2A2DE21ECCD7720060F02C /* Products.swift in Sources */ = {isa = PBXBuildFile; fileRef = 8C2A2DE11ECCD7720060F02C /* Products.swift */; };
		8C2A2DE41ECCD7950060F02C /* Variations.swift in Sources */ = {isa = PBXBuildFile; fileRef = 8C2A2DE31ECCD7950060F02C /* Variations.swift */; };
		8C2A2DE61ECCDAEE0060F02C /* ComLink.swift in Sources */ = {isa = PBXBuildFile; fileRef = 8C2A2DE51ECCDAEE0060F02C /* ComLink.swift */; };
		8C2A2DE81ECCDC5B0060F02C /* HomeVC.swift in Sources */ = {isa = PBXBuildFile; fileRef = 8C2A2DE71ECCDC5B0060F02C /* HomeVC.swift */; };
		8C2A2DEA1ECD00DB0060F02C /* ProductsCell.swift in Sources */ = {isa = PBXBuildFile; fileRef = 8C2A2DE91ECD00DB0060F02C /* ProductsCell.swift */; };
		8C35B7921F0EC3D6009FF740 /* OrderVC.swift in Sources */ = {isa = PBXBuildFile; fileRef = 8C35B7911F0EC3D6009FF740 /* OrderVC.swift */; };
		8C6453991ED78DB0009CF67B /* HomeVCgetProducts.swift in Sources */ = {isa = PBXBuildFile; fileRef = 8C6453981ED78DB0009CF67B /* HomeVCgetProducts.swift */; };
		8C64539B1ED794BE009CF67B /* HomeCell.swift in Sources */ = {isa = PBXBuildFile; fileRef = 8C64539A1ED794BE009CF67B /* HomeCell.swift */; };
		8C64539D1ED87849009CF67B /* WebHandlerVC.swift in Sources */ = {isa = PBXBuildFile; fileRef = 8C64539C1ED87849009CF67B /* WebHandlerVC.swift */; };
		AF1E34891ED5FE5400951DC7 /* hideSections.js in Resources */ = {isa = PBXBuildFile; fileRef = AF1E34881ED5FE5400951DC7 /* hideSections.js */; };
		AF660A851ECF73A500EF2EDF /* CartVC.swift in Sources */ = {isa = PBXBuildFile; fileRef = AF660A841ECF73A500EF2EDF /* CartVC.swift */; };
		AFDCFDCE1F0D525A00CB43D8 /* CartCell.swift in Sources */ = {isa = PBXBuildFile; fileRef = AFDCFDCD1F0D525A00CB43D8 /* CartCell.swift */; };
		AFDCFDD01F0D643500CB43D8 /* CartItem.swift in Sources */ = {isa = PBXBuildFile; fileRef = AFDCFDCF1F0D643500CB43D8 /* CartItem.swift */; };
/* End PBXBuildFile section */

/* Begin PBXContainerItemProxy section */
		8C2A2DC21ECCC7820060F02C /* PBXContainerItemProxy */ = {
			isa = PBXContainerItemProxy;
			containerPortal = 8C2A2DA21ECCC7810060F02C /* Project object */;
			proxyType = 1;
			remoteGlobalIDString = 8C2A2DA91ECCC7810060F02C;
			remoteInfo = EncoreScientific;
		};
		8C2A2DCD1ECCC7820060F02C /* PBXContainerItemProxy */ = {
			isa = PBXContainerItemProxy;
			containerPortal = 8C2A2DA21ECCC7810060F02C /* Project object */;
			proxyType = 1;
			remoteGlobalIDString = 8C2A2DA91ECCC7810060F02C;
			remoteInfo = EncoreScientific;
		};
/* End PBXContainerItemProxy section */

/* Begin PBXFileReference section */
		6A1640C91ECD8A7600C74122 /* ProductVC.swift */ = {isa = PBXFileReference; fileEncoding = 4; lastKnownFileType = sourcecode.swift; path = ProductVC.swift; sourceTree = "<group>"; };
		6A1A967A1EDF47A400B65287 /* MyPageViewController.swift */ = {isa = PBXFileReference; fileEncoding = 4; lastKnownFileType = sourcecode.swift; path = MyPageViewController.swift; sourceTree = "<group>"; };
		6A1A967C1EDF480800B65287 /* PageyViewController.swift */ = {isa = PBXFileReference; fileEncoding = 4; lastKnownFileType = sourcecode.swift; path = PageyViewController.swift; sourceTree = "<group>"; };
		6A1A967E1EDF5C8900B65287 /* RegisterVC.swift */ = {isa = PBXFileReference; fileEncoding = 4; lastKnownFileType = sourcecode.swift; path = RegisterVC.swift; sourceTree = "<group>"; };
		6A1D8B071ED66E300034DAC7 /* CoreData.framework */ = {isa = PBXFileReference; lastKnownFileType = wrapper.framework; name = CoreData.framework; path = System/Library/Frameworks/CoreData.framework; sourceTree = SDKROOT; };
		6A6276201ECCF57100497AC6 /* ProductsVC.swift */ = {isa = PBXFileReference; fileEncoding = 4; lastKnownFileType = sourcecode.swift; path = ProductsVC.swift; sourceTree = "<group>"; };
		6A88C10F1ECE313E0029DE8F /* ScanSearchVC.swift */ = {isa = PBXFileReference; fileEncoding = 4; lastKnownFileType = sourcecode.swift; path = ScanSearchVC.swift; sourceTree = "<group>"; };
		6A9E58051EDDE1C3008140FA /* FinalHomeVC.swift */ = {isa = PBXFileReference; fileEncoding = 4; lastKnownFileType = sourcecode.swift; path = FinalHomeVC.swift; sourceTree = "<group>"; };
		8C2A2DAA1ECCC7810060F02C /* EncoreScientific.app */ = {isa = PBXFileReference; explicitFileType = wrapper.application; includeInIndex = 0; path = EncoreScientific.app; sourceTree = BUILT_PRODUCTS_DIR; };
		8C2A2DAD1ECCC7810060F02C /* AppDelegate.swift */ = {isa = PBXFileReference; lastKnownFileType = sourcecode.swift; path = AppDelegate.swift; sourceTree = "<group>"; };
		8C2A2DAF1ECCC7810060F02C /* LoginVC.swift */ = {isa = PBXFileReference; lastKnownFileType = sourcecode.swift; path = LoginVC.swift; sourceTree = "<group>"; };
		8C2A2DB21ECCC7820060F02C /* Base */ = {isa = PBXFileReference; lastKnownFileType = file.storyboard; name = Base; path = Base.lproj/Main.storyboard; sourceTree = "<group>"; };
		8C2A2DB51ECCC7820060F02C /* EncoreScientific.xcdatamodel */ = {isa = PBXFileReference; lastKnownFileType = wrapper.xcdatamodel; path = EncoreScientific.xcdatamodel; sourceTree = "<group>"; };
		8C2A2DB71ECCC7820060F02C /* Assets.xcassets */ = {isa = PBXFileReference; lastKnownFileType = folder.assetcatalog; path = Assets.xcassets; sourceTree = "<group>"; };
		8C2A2DBA1ECCC7820060F02C /* Base */ = {isa = PBXFileReference; lastKnownFileType = file.storyboard; name = Base; path = Base.lproj/LaunchScreen.storyboard; sourceTree = "<group>"; };
		8C2A2DBC1ECCC7820060F02C /* Info.plist */ = {isa = PBXFileReference; lastKnownFileType = text.plist.xml; path = Info.plist; sourceTree = "<group>"; };
		8C2A2DC11ECCC7820060F02C /* EncoreScientificTests.xctest */ = {isa = PBXFileReference; explicitFileType = wrapper.cfbundle; includeInIndex = 0; path = EncoreScientificTests.xctest; sourceTree = BUILT_PRODUCTS_DIR; };
		8C2A2DC51ECCC7820060F02C /* EncoreScientificTests.swift */ = {isa = PBXFileReference; lastKnownFileType = sourcecode.swift; path = EncoreScientificTests.swift; sourceTree = "<group>"; };
		8C2A2DC71ECCC7820060F02C /* Info.plist */ = {isa = PBXFileReference; lastKnownFileType = text.plist.xml; path = Info.plist; sourceTree = "<group>"; };
		8C2A2DCC1ECCC7820060F02C /* EncoreScientificUITests.xctest */ = {isa = PBXFileReference; explicitFileType = wrapper.cfbundle; includeInIndex = 0; path = EncoreScientificUITests.xctest; sourceTree = BUILT_PRODUCTS_DIR; };
		8C2A2DD01ECCC7820060F02C /* EncoreScientificUITests.swift */ = {isa = PBXFileReference; lastKnownFileType = sourcecode.swift; path = EncoreScientificUITests.swift; sourceTree = "<group>"; };
		8C2A2DD21ECCC7820060F02C /* Info.plist */ = {isa = PBXFileReference; lastKnownFileType = text.plist.xml; path = Info.plist; sourceTree = "<group>"; };
		8C2A2DDF1ECCD7520060F02C /* Customer.swift */ = {isa = PBXFileReference; fileEncoding = 4; lastKnownFileType = sourcecode.swift; path = Customer.swift; sourceTree = "<group>"; };
		8C2A2DE11ECCD7720060F02C /* Products.swift */ = {isa = PBXFileReference; fileEncoding = 4; lastKnownFileType = sourcecode.swift; path = Products.swift; sourceTree = "<group>"; };
		8C2A2DE31ECCD7950060F02C /* Variations.swift */ = {isa = PBXFileReference; fileEncoding = 4; lastKnownFileType = sourcecode.swift; path = Variations.swift; sourceTree = "<group>"; };
		8C2A2DE51ECCDAEE0060F02C /* ComLink.swift */ = {isa = PBXFileReference; fileEncoding = 4; lastKnownFileType = sourcecode.swift; path = ComLink.swift; sourceTree = "<group>"; };
		8C2A2DE71ECCDC5B0060F02C /* HomeVC.swift */ = {isa = PBXFileReference; fileEncoding = 4; lastKnownFileType = sourcecode.swift; path = HomeVC.swift; sourceTree = "<group>"; };
		8C2A2DE91ECD00DB0060F02C /* ProductsCell.swift */ = {isa = PBXFileReference; fileEncoding = 4; lastKnownFileType = sourcecode.swift; path = ProductsCell.swift; sourceTree = "<group>"; };
		8C35B7911F0EC3D6009FF740 /* OrderVC.swift */ = {isa = PBXFileReference; fileEncoding = 4; lastKnownFileType = sourcecode.swift; path = OrderVC.swift; sourceTree = "<group>"; };
		8C6453981ED78DB0009CF67B /* HomeVCgetProducts.swift */ = {isa = PBXFileReference; fileEncoding = 4; lastKnownFileType = sourcecode.swift; path = HomeVCgetProducts.swift; sourceTree = "<group>"; };
		8C64539A1ED794BE009CF67B /* HomeCell.swift */ = {isa = PBXFileReference; fileEncoding = 4; lastKnownFileType = sourcecode.swift; path = HomeCell.swift; sourceTree = "<group>"; };
		8C64539C1ED87849009CF67B /* WebHandlerVC.swift */ = {isa = PBXFileReference; fileEncoding = 4; lastKnownFileType = sourcecode.swift; path = WebHandlerVC.swift; sourceTree = "<group>"; };
		AF1E34881ED5FE5400951DC7 /* hideSections.js */ = {isa = PBXFileReference; fileEncoding = 4; lastKnownFileType = sourcecode.javascript; path = hideSections.js; sourceTree = "<group>"; };
		AF660A841ECF73A500EF2EDF /* CartVC.swift */ = {isa = PBXFileReference; fileEncoding = 4; lastKnownFileType = sourcecode.swift; path = CartVC.swift; sourceTree = "<group>"; };
		AFDCFDCD1F0D525A00CB43D8 /* CartCell.swift */ = {isa = PBXFileReference; fileEncoding = 4; lastKnownFileType = sourcecode.swift; path = CartCell.swift; sourceTree = "<group>"; };
		AFDCFDCF1F0D643500CB43D8 /* CartItem.swift */ = {isa = PBXFileReference; fileEncoding = 4; lastKnownFileType = sourcecode.swift; path = CartItem.swift; sourceTree = "<group>"; };
/* End PBXFileReference section */

/* Begin PBXFrameworksBuildPhase section */
		8C2A2DA71ECCC7810060F02C /* Frameworks */ = {
			isa = PBXFrameworksBuildPhase;
			buildActionMask = 2147483647;
			files = (
				6A1D8B081ED66E300034DAC7 /* CoreData.framework in Frameworks */,
			);
			runOnlyForDeploymentPostprocessing = 0;
		};
		8C2A2DBE1ECCC7820060F02C /* Frameworks */ = {
			isa = PBXFrameworksBuildPhase;
			buildActionMask = 2147483647;
			files = (
			);
			runOnlyForDeploymentPostprocessing = 0;
		};
		8C2A2DC91ECCC7820060F02C /* Frameworks */ = {
			isa = PBXFrameworksBuildPhase;
			buildActionMask = 2147483647;
			files = (
			);
			runOnlyForDeploymentPostprocessing = 0;
		};
/* End PBXFrameworksBuildPhase section */

/* Begin PBXGroup section */
		6A1D8B061ED66E300034DAC7 /* Frameworks */ = {
			isa = PBXGroup;
			children = (
				6A1D8B071ED66E300034DAC7 /* CoreData.framework */,
			);
			name = Frameworks;
			sourceTree = "<group>";
		};
		8C2A2DA11ECCC7810060F02C = {
			isa = PBXGroup;
			children = (
				8C2A2DAC1ECCC7810060F02C /* EncoreScientific */,
				8C2A2DC41ECCC7820060F02C /* EncoreScientificTests */,
				8C2A2DCF1ECCC7820060F02C /* EncoreScientificUITests */,
				8C2A2DAB1ECCC7810060F02C /* Products */,
				6A1D8B061ED66E300034DAC7 /* Frameworks */,
			);
			sourceTree = "<group>";
		};
		8C2A2DAB1ECCC7810060F02C /* Products */ = {
			isa = PBXGroup;
			children = (
				8C2A2DAA1ECCC7810060F02C /* EncoreScientific.app */,
				8C2A2DC11ECCC7820060F02C /* EncoreScientificTests.xctest */,
				8C2A2DCC1ECCC7820060F02C /* EncoreScientificUITests.xctest */,
			);
			name = Products;
			sourceTree = "<group>";
		};
		8C2A2DAC1ECCC7810060F02C /* EncoreScientific */ = {
			isa = PBXGroup;
			children = (
				8C2A2DAD1ECCC7810060F02C /* AppDelegate.swift */,
				8C2A2DB11ECCC7820060F02C /* Main.storyboard */,
				8C2A2DDE1ECCD7120060F02C /* Model */,
				8C2A2DAF1ECCC7810060F02C /* LoginVC.swift */,
				6A1A967E1EDF5C8900B65287 /* RegisterVC.swift */,
				6A9E58051EDDE1C3008140FA /* FinalHomeVC.swift */,
				8C2A2DE71ECCDC5B0060F02C /* HomeVC.swift */,
				6A6276201ECCF57100497AC6 /* ProductsVC.swift */,
				6A1640C91ECD8A7600C74122 /* ProductVC.swift */,
				6A88C10F1ECE313E0029DE8F /* ScanSearchVC.swift */,
				AF660A841ECF73A500EF2EDF /* CartVC.swift */,
				8C35B7911F0EC3D6009FF740 /* OrderVC.swift */,
				6A1A967A1EDF47A400B65287 /* MyPageViewController.swift */,
				6A1A967C1EDF480800B65287 /* PageyViewController.swift */,
				8C64539C1ED87849009CF67B /* WebHandlerVC.swift */,
				8C2A2DB71ECCC7820060F02C /* Assets.xcassets */,
				8C2A2DB91ECCC7820060F02C /* LaunchScreen.storyboard */,
				8C2A2DBC1ECCC7820060F02C /* Info.plist */,
				8C2A2DB41ECCC7820060F02C /* EncoreScientific.xcdatamodeld */,
			);
			path = EncoreScientific;
			sourceTree = "<group>";
		};
		8C2A2DC41ECCC7820060F02C /* EncoreScientificTests */ = {
			isa = PBXGroup;
			children = (
				8C2A2DC51ECCC7820060F02C /* EncoreScientificTests.swift */,
				8C2A2DC71ECCC7820060F02C /* Info.plist */,
			);
			path = EncoreScientificTests;
			sourceTree = "<group>";
		};
		8C2A2DCF1ECCC7820060F02C /* EncoreScientificUITests */ = {
			isa = PBXGroup;
			children = (
				8C2A2DD01ECCC7820060F02C /* EncoreScientificUITests.swift */,
				8C2A2DD21ECCC7820060F02C /* Info.plist */,
			);
			path = EncoreScientificUITests;
			sourceTree = "<group>";
		};
		8C2A2DDE1ECCD7120060F02C /* Model */ = {
			isa = PBXGroup;
			children = (
				8C2A2DDF1ECCD7520060F02C /* Customer.swift */,
				8C2A2DE11ECCD7720060F02C /* Products.swift */,
				8C2A2DE31ECCD7950060F02C /* Variations.swift */,
				AFDCFDCF1F0D643500CB43D8 /* CartItem.swift */,
				8C2A2DE51ECCDAEE0060F02C /* ComLink.swift */,
				8C2A2DE91ECD00DB0060F02C /* ProductsCell.swift */,
				8C6453981ED78DB0009CF67B /* HomeVCgetProducts.swift */,
				8C64539A1ED794BE009CF67B /* HomeCell.swift */,
				AF1E34881ED5FE5400951DC7 /* hideSections.js */,
				AFDCFDCD1F0D525A00CB43D8 /* CartCell.swift */,
			);
			name = Model;
			sourceTree = "<group>";
		};
/* End PBXGroup section */

/* Begin PBXNativeTarget section */
		8C2A2DA91ECCC7810060F02C /* EncoreScientific */ = {
			isa = PBXNativeTarget;
			buildConfigurationList = 8C2A2DD51ECCC7820060F02C /* Build configuration list for PBXNativeTarget "EncoreScientific" */;
			buildPhases = (
				8C2A2DA61ECCC7810060F02C /* Sources */,
				8C2A2DA71ECCC7810060F02C /* Frameworks */,
				8C2A2DA81ECCC7810060F02C /* Resources */,
			);
			buildRules = (
			);
			dependencies = (
			);
			name = EncoreScientific;
			productName = EncoreScientific;
			productReference = 8C2A2DAA1ECCC7810060F02C /* EncoreScientific.app */;
			productType = "com.apple.product-type.application";
		};
		8C2A2DC01ECCC7820060F02C /* EncoreScientificTests */ = {
			isa = PBXNativeTarget;
			buildConfigurationList = 8C2A2DD81ECCC7820060F02C /* Build configuration list for PBXNativeTarget "EncoreScientificTests" */;
			buildPhases = (
				8C2A2DBD1ECCC7820060F02C /* Sources */,
				8C2A2DBE1ECCC7820060F02C /* Frameworks */,
				8C2A2DBF1ECCC7820060F02C /* Resources */,
			);
			buildRules = (
			);
			dependencies = (
				8C2A2DC31ECCC7820060F02C /* PBXTargetDependency */,
			);
			name = EncoreScientificTests;
			productName = EncoreScientificTests;
			productReference = 8C2A2DC11ECCC7820060F02C /* EncoreScientificTests.xctest */;
			productType = "com.apple.product-type.bundle.unit-test";
		};
		8C2A2DCB1ECCC7820060F02C /* EncoreScientificUITests */ = {
			isa = PBXNativeTarget;
			buildConfigurationList = 8C2A2DDB1ECCC7820060F02C /* Build configuration list for PBXNativeTarget "EncoreScientificUITests" */;
			buildPhases = (
				8C2A2DC81ECCC7820060F02C /* Sources */,
				8C2A2DC91ECCC7820060F02C /* Frameworks */,
				8C2A2DCA1ECCC7820060F02C /* Resources */,
			);
			buildRules = (
			);
			dependencies = (
				8C2A2DCE1ECCC7820060F02C /* PBXTargetDependency */,
			);
			name = EncoreScientificUITests;
			productName = EncoreScientificUITests;
			productReference = 8C2A2DCC1ECCC7820060F02C /* EncoreScientificUITests.xctest */;
			productType = "com.apple.product-type.bundle.ui-testing";
		};
/* End PBXNativeTarget section */

/* Begin PBXProject section */
		8C2A2DA21ECCC7810060F02C /* Project object */ = {
			isa = PBXProject;
			attributes = {
				LastSwiftUpdateCheck = 0830;
				LastUpgradeCheck = 0830;
				ORGANIZATIONNAME = "Paradigm Creative";
				TargetAttributes = {
					8C2A2DA91ECCC7810060F02C = {
						CreatedOnToolsVersion = 8.3.2;
						DevelopmentTeam = W23QWSXCYJ;
						ProvisioningStyle = Automatic;
					};
					8C2A2DC01ECCC7820060F02C = {
						CreatedOnToolsVersion = 8.3.2;
						DevelopmentTeam = W23QWSXCYJ;
						ProvisioningStyle = Automatic;
						TestTargetID = 8C2A2DA91ECCC7810060F02C;
					};
					8C2A2DCB1ECCC7820060F02C = {
						CreatedOnToolsVersion = 8.3.2;
						DevelopmentTeam = W23QWSXCYJ;
						ProvisioningStyle = Automatic;
						TestTargetID = 8C2A2DA91ECCC7810060F02C;
					};
				};
			};
			buildConfigurationList = 8C2A2DA51ECCC7810060F02C /* Build configuration list for PBXProject "encorescientific" */;
			compatibilityVersion = "Xcode 3.2";
			developmentRegion = English;
			hasScannedForEncodings = 0;
			knownRegions = (
				en,
				Base,
			);
			mainGroup = 8C2A2DA11ECCC7810060F02C;
			productRefGroup = 8C2A2DAB1ECCC7810060F02C /* Products */;
			projectDirPath = "";
			projectRoot = "";
			targets = (
				8C2A2DA91ECCC7810060F02C /* EncoreScientific */,
				8C2A2DC01ECCC7820060F02C /* EncoreScientificTests */,
				8C2A2DCB1ECCC7820060F02C /* EncoreScientificUITests */,
			);
		};
/* End PBXProject section */

/* Begin PBXResourcesBuildPhase section */
		8C2A2DA81ECCC7810060F02C /* Resources */ = {
			isa = PBXResourcesBuildPhase;
			buildActionMask = 2147483647;
			files = (
				AF1E34891ED5FE5400951DC7 /* hideSections.js in Resources */,
				8C2A2DBB1ECCC7820060F02C /* LaunchScreen.storyboard in Resources */,
				8C2A2DB81ECCC7820060F02C /* Assets.xcassets in Resources */,
				8C2A2DB31ECCC7820060F02C /* Main.storyboard in Resources */,
			);
			runOnlyForDeploymentPostprocessing = 0;
		};
		8C2A2DBF1ECCC7820060F02C /* Resources */ = {
			isa = PBXResourcesBuildPhase;
			buildActionMask = 2147483647;
			files = (
			);
			runOnlyForDeploymentPostprocessing = 0;
		};
		8C2A2DCA1ECCC7820060F02C /* Resources */ = {
			isa = PBXResourcesBuildPhase;
			buildActionMask = 2147483647;
			files = (
			);
			runOnlyForDeploymentPostprocessing = 0;
		};
/* End PBXResourcesBuildPhase section */

/* Begin PBXSourcesBuildPhase section */
		8C2A2DA61ECCC7810060F02C /* Sources */ = {
			isa = PBXSourcesBuildPhase;
			buildActionMask = 2147483647;
			files = (
				6A1640CA1ECD8A7600C74122 /* ProductVC.swift in Sources */,
				AFDCFDCE1F0D525A00CB43D8 /* CartCell.swift in Sources */,
				8C35B7921F0EC3D6009FF740 /* OrderVC.swift in Sources */,
				AFDCFDD01F0D643500CB43D8 /* CartItem.swift in Sources */,
				6A1A967B1EDF47A400B65287 /* MyPageViewController.swift in Sources */,
				6A1A967D1EDF480800B65287 /* PageyViewController.swift in Sources */,
				6A88C1101ECE313E0029DE8F /* ScanSearchVC.swift in Sources */,
				6A9E58061EDDE1C3008140FA /* FinalHomeVC.swift in Sources */,
				8C64539D1ED87849009CF67B /* WebHandlerVC.swift in Sources */,
				8C2A2DB01ECCC7810060F02C /* LoginVC.swift in Sources */,
				8C2A2DE81ECCDC5B0060F02C /* HomeVC.swift in Sources */,
				8C64539B1ED794BE009CF67B /* HomeCell.swift in Sources */,
				6A1A967F1EDF5C8900B65287 /* RegisterVC.swift in Sources */,
				AF660A851ECF73A500EF2EDF /* CartVC.swift in Sources */,
				8C2A2DE61ECCDAEE0060F02C /* ComLink.swift in Sources */,
				8C2A2DB61ECCC7820060F02C /* EncoreScientific.xcdatamodeld in Sources */,
				8C2A2DE21ECCD7720060F02C /* Products.swift in Sources */,
				8C2A2DAE1ECCC7810060F02C /* AppDelegate.swift in Sources */,
				8C2A2DE01ECCD7520060F02C /* Customer.swift in Sources */,
				8C6453991ED78DB0009CF67B /* HomeVCgetProducts.swift in Sources */,
				8C2A2DE41ECCD7950060F02C /* Variations.swift in Sources */,
				6A6276211ECCF57100497AC6 /* ProductsVC.swift in Sources */,
				8C2A2DEA1ECD00DB0060F02C /* ProductsCell.swift in Sources */,
			);
			runOnlyForDeploymentPostprocessing = 0;
		};
		8C2A2DBD1ECCC7820060F02C /* Sources */ = {
			isa = PBXSourcesBuildPhase;
			buildActionMask = 2147483647;
			files = (
				8C2A2DC61ECCC7820060F02C /* EncoreScientificTests.swift in Sources */,
			);
			runOnlyForDeploymentPostprocessing = 0;
		};
		8C2A2DC81ECCC7820060F02C /* Sources */ = {
			isa = PBXSourcesBuildPhase;
			buildActionMask = 2147483647;
			files = (
				8C2A2DD11ECCC7820060F02C /* EncoreScientificUITests.swift in Sources */,
			);
			runOnlyForDeploymentPostprocessing = 0;
		};
/* End PBXSourcesBuildPhase section */

/* Begin PBXTargetDependency section */
		8C2A2DC31ECCC7820060F02C /* PBXTargetDependency */ = {
			isa = PBXTargetDependency;
			target = 8C2A2DA91ECCC7810060F02C /* EncoreScientific */;
			targetProxy = 8C2A2DC21ECCC7820060F02C /* PBXContainerItemProxy */;
		};
		8C2A2DCE1ECCC7820060F02C /* PBXTargetDependency */ = {
			isa = PBXTargetDependency;
			target = 8C2A2DA91ECCC7810060F02C /* EncoreScientific */;
			targetProxy = 8C2A2DCD1ECCC7820060F02C /* PBXContainerItemProxy */;
		};
/* End PBXTargetDependency section */

/* Begin PBXVariantGroup section */
		8C2A2DB11ECCC7820060F02C /* Main.storyboard */ = {
			isa = PBXVariantGroup;
			children = (
				8C2A2DB21ECCC7820060F02C /* Base */,
			);
			name = Main.storyboard;
			sourceTree = "<group>";
		};
		8C2A2DB91ECCC7820060F02C /* LaunchScreen.storyboard */ = {
			isa = PBXVariantGroup;
			children = (
				8C2A2DBA1ECCC7820060F02C /* Base */,
			);
			name = LaunchScreen.storyboard;
			sourceTree = "<group>";
		};
/* End PBXVariantGroup section */

/* Begin XCBuildConfiguration section */
		8C2A2DD31ECCC7820060F02C /* Debug */ = {
			isa = XCBuildConfiguration;
			buildSettings = {
				ALWAYS_SEARCH_USER_PATHS = YES;
				CLANG_ANALYZER_NONNULL = YES;
				CLANG_ANALYZER_NUMBER_OBJECT_CONVERSION = YES_AGGRESSIVE;
				CLANG_CXX_LANGUAGE_STANDARD = "gnu++0x";
				CLANG_CXX_LIBRARY = "libc++";
				CLANG_ENABLE_MODULES = YES;
				CLANG_ENABLE_OBJC_ARC = YES;
				CLANG_WARN_BOOL_CONVERSION = YES;
				CLANG_WARN_CONSTANT_CONVERSION = YES;
				CLANG_WARN_DIRECT_OBJC_ISA_USAGE = YES_ERROR;
				CLANG_WARN_DOCUMENTATION_COMMENTS = YES;
				CLANG_WARN_EMPTY_BODY = YES;
				CLANG_WARN_ENUM_CONVERSION = YES;
				CLANG_WARN_INFINITE_RECURSION = YES;
				CLANG_WARN_INT_CONVERSION = YES;
				CLANG_WARN_OBJC_ROOT_CLASS = YES_ERROR;
				CLANG_WARN_SUSPICIOUS_MOVE = YES;
				CLANG_WARN_UNREACHABLE_CODE = YES;
				CLANG_WARN__DUPLICATE_METHOD_MATCH = YES;
				CODE_SIGN_IDENTITY = "iPhone Developer";
				"CODE_SIGN_IDENTITY[sdk=iphoneos*]" = "iPhone Developer";
				COPY_PHASE_STRIP = NO;
				DEBUG_INFORMATION_FORMAT = dwarf;
				ENABLE_ON_DEMAND_RESOURCES = YES;
				ENABLE_STRICT_OBJC_MSGSEND = YES;
				ENABLE_TESTABILITY = YES;
				GCC_C_LANGUAGE_STANDARD = gnu99;
				GCC_DYNAMIC_NO_PIC = NO;
				GCC_NO_COMMON_BLOCKS = YES;
				GCC_OPTIMIZATION_LEVEL = 0;
				GCC_PREPROCESSOR_DEFINITIONS = (
					"DEBUG=1",
					"$(inherited)",
				);
				GCC_WARN_64_TO_32_BIT_CONVERSION = YES;
				GCC_WARN_ABOUT_RETURN_TYPE = YES_ERROR;
				GCC_WARN_UNDECLARED_SELECTOR = YES;
				GCC_WARN_UNINITIALIZED_AUTOS = YES_AGGRESSIVE;
				GCC_WARN_UNUSED_FUNCTION = YES;
				GCC_WARN_UNUSED_VARIABLE = YES;
				IPHONEOS_DEPLOYMENT_TARGET = 10.3;
				MTL_ENABLE_DEBUG_INFO = YES;
				ONLY_ACTIVE_ARCH = NO;
				SDKROOT = iphoneos;
				SWIFT_ACTIVE_COMPILATION_CONDITIONS = DEBUG;
				SWIFT_OPTIMIZATION_LEVEL = "-Onone";
				VALIDATE_PRODUCT = YES;
				VERSIONING_SYSTEM = "apple-generic";
			};
			name = Debug;
		};
		8C2A2DD41ECCC7820060F02C /* Release */ = {
			isa = XCBuildConfiguration;
			buildSettings = {
				ALWAYS_SEARCH_USER_PATHS = YES;
				CLANG_ANALYZER_NONNULL = YES;
				CLANG_ANALYZER_NUMBER_OBJECT_CONVERSION = YES_AGGRESSIVE;
				CLANG_CXX_LANGUAGE_STANDARD = "gnu++0x";
				CLANG_CXX_LIBRARY = "libc++";
				CLANG_ENABLE_MODULES = YES;
				CLANG_ENABLE_OBJC_ARC = YES;
				CLANG_WARN_BOOL_CONVERSION = YES;
				CLANG_WARN_CONSTANT_CONVERSION = YES;
				CLANG_WARN_DIRECT_OBJC_ISA_USAGE = YES_ERROR;
				CLANG_WARN_DOCUMENTATION_COMMENTS = YES;
				CLANG_WARN_EMPTY_BODY = YES;
				CLANG_WARN_ENUM_CONVERSION = YES;
				CLANG_WARN_INFINITE_RECURSION = YES;
				CLANG_WARN_INT_CONVERSION = YES;
				CLANG_WARN_OBJC_ROOT_CLASS = YES_ERROR;
				CLANG_WARN_SUSPICIOUS_MOVE = YES;
				CLANG_WARN_UNREACHABLE_CODE = YES;
				CLANG_WARN__DUPLICATE_METHOD_MATCH = YES;
				CODE_SIGN_IDENTITY = "iPhone Developer";
				"CODE_SIGN_IDENTITY[sdk=iphoneos*]" = "iPhone Developer";
				COPY_PHASE_STRIP = NO;
				DEBUG_INFORMATION_FORMAT = "dwarf-with-dsym";
				ENABLE_NS_ASSERTIONS = NO;
				ENABLE_ON_DEMAND_RESOURCES = YES;
				ENABLE_STRICT_OBJC_MSGSEND = YES;
				ENABLE_TESTABILITY = YES;
				GCC_C_LANGUAGE_STANDARD = gnu99;
				GCC_NO_COMMON_BLOCKS = YES;
				GCC_WARN_64_TO_32_BIT_CONVERSION = YES;
				GCC_WARN_ABOUT_RETURN_TYPE = YES_ERROR;
				GCC_WARN_UNDECLARED_SELECTOR = YES;
				GCC_WARN_UNINITIALIZED_AUTOS = YES_AGGRESSIVE;
				GCC_WARN_UNUSED_FUNCTION = YES;
				GCC_WARN_UNUSED_VARIABLE = YES;
				IPHONEOS_DEPLOYMENT_TARGET = 10.3;
				MTL_ENABLE_DEBUG_INFO = NO;
				ONLY_ACTIVE_ARCH = NO;
				SDKROOT = iphoneos;
				SWIFT_OPTIMIZATION_LEVEL = "-Owholemodule";
				VALIDATE_PRODUCT = YES;
				VERSIONING_SYSTEM = "apple-generic";
			};
			name = Release;
		};
		8C2A2DD61ECCC7820060F02C /* Debug */ = {
			isa = XCBuildConfiguration;
			buildSettings = {
				ASSETCATALOG_COMPILER_APPICON_NAME = AppIcon;
				DEVELOPMENT_TEAM = W23QWSXCYJ;
				INFOPLIST_FILE = EncoreScientific/Info.plist;
				IPHONEOS_DEPLOYMENT_TARGET = 10.3;
				LD_RUNPATH_SEARCH_PATHS = "$(inherited) @executable_path/Frameworks";
				ONLY_ACTIVE_ARCH = NO;
				PRODUCT_BUNDLE_IDENTIFIER = com.ParadigmCreative.EncoreScientific;
				PRODUCT_NAME = "$(TARGET_NAME)";
				SDKROOT = iphoneos;
				SWIFT_VERSION = 3.0;
			};
			name = Debug;
		};
		8C2A2DD71ECCC7820060F02C /* Release */ = {
			isa = XCBuildConfiguration;
			buildSettings = {
				ASSETCATALOG_COMPILER_APPICON_NAME = AppIcon;
				DEVELOPMENT_TEAM = W23QWSXCYJ;
				INFOPLIST_FILE = EncoreScientific/Info.plist;
				IPHONEOS_DEPLOYMENT_TARGET = 10.3;
				LD_RUNPATH_SEARCH_PATHS = "$(inherited) @executable_path/Frameworks";
				ONLY_ACTIVE_ARCH = NO;
				PRODUCT_BUNDLE_IDENTIFIER = com.ParadigmCreative.EncoreScientific;
				PRODUCT_NAME = "$(TARGET_NAME)";
				SDKROOT = iphoneos;
				SWIFT_VERSION = 3.0;
			};
			name = Release;
		};
		8C2A2DD91ECCC7820060F02C /* Debug */ = {
			isa = XCBuildConfiguration;
			buildSettings = {
				ALWAYS_EMBED_SWIFT_STANDARD_LIBRARIES = YES;
				BUNDLE_LOADER = "$(TEST_HOST)";
				DEVELOPMENT_TEAM = W23QWSXCYJ;
				ENABLE_ON_DEMAND_RESOURCES = NO;
				INFOPLIST_FILE = EncoreScientificTests/Info.plist;
				LD_RUNPATH_SEARCH_PATHS = "$(inherited) @executable_path/Frameworks @loader_path/Frameworks";
				PRODUCT_BUNDLE_IDENTIFIER = com.ParadigmAppDev.EncoreScientificTests;
				PRODUCT_NAME = "$(TARGET_NAME)";
				SWIFT_VERSION = 3.0;
				TEST_HOST = "$(BUILT_PRODUCTS_DIR)/EncoreScientific.app/EncoreScientific";
			};
			name = Debug;
		};
		8C2A2DDA1ECCC7820060F02C /* Release */ = {
			isa = XCBuildConfiguration;
			buildSettings = {
				ALWAYS_EMBED_SWIFT_STANDARD_LIBRARIES = YES;
				BUNDLE_LOADER = "$(TEST_HOST)";
				DEVELOPMENT_TEAM = W23QWSXCYJ;
				ENABLE_ON_DEMAND_RESOURCES = NO;
				INFOPLIST_FILE = EncoreScientificTests/Info.plist;
				LD_RUNPATH_SEARCH_PATHS = "$(inherited) @executable_path/Frameworks @loader_path/Frameworks";
				PRODUCT_BUNDLE_IDENTIFIER = com.ParadigmAppDev.EncoreScientificTests;
				PRODUCT_NAME = "$(TARGET_NAME)";
				SWIFT_VERSION = 3.0;
				TEST_HOST = "$(BUILT_PRODUCTS_DIR)/EncoreScientific.app/EncoreScientific";
			};
			name = Release;
		};
		8C2A2DDC1ECCC7820060F02C /* Debug */ = {
			isa = XCBuildConfiguration;
			buildSettings = {
				ALWAYS_EMBED_SWIFT_STANDARD_LIBRARIES = YES;
				DEVELOPMENT_TEAM = W23QWSXCYJ;
				ENABLE_ON_DEMAND_RESOURCES = NO;
				INFOPLIST_FILE = EncoreScientificUITests/Info.plist;
				LD_RUNPATH_SEARCH_PATHS = "$(inherited) @executable_path/Frameworks @loader_path/Frameworks";
				PRODUCT_BUNDLE_IDENTIFIER = com.ParadigmAppDev.EncoreScientificUITests;
				PRODUCT_NAME = "$(TARGET_NAME)";
				SWIFT_VERSION = 3.0;
				TEST_TARGET_NAME = EncoreScientific;
			};
			name = Debug;
		};
		8C2A2DDD1ECCC7820060F02C /* Release */ = {
			isa = XCBuildConfiguration;
			buildSettings = {
				ALWAYS_EMBED_SWIFT_STANDARD_LIBRARIES = YES;
				DEVELOPMENT_TEAM = W23QWSXCYJ;
				ENABLE_ON_DEMAND_RESOURCES = NO;
				INFOPLIST_FILE = EncoreScientificUITests/Info.plist;
				LD_RUNPATH_SEARCH_PATHS = "$(inherited) @executable_path/Frameworks @loader_path/Frameworks";
				PRODUCT_BUNDLE_IDENTIFIER = com.ParadigmAppDev.EncoreScientificUITests;
				PRODUCT_NAME = "$(TARGET_NAME)";
				SWIFT_VERSION = 3.0;
				TEST_TARGET_NAME = EncoreScientific;
			};
			name = Release;
		};
/* End XCBuildConfiguration section */

/* Begin XCConfigurationList section */
		8C2A2DA51ECCC7810060F02C /* Build configuration list for PBXProject "encorescientific" */ = {
			isa = XCConfigurationList;
			buildConfigurations = (
				8C2A2DD31ECCC7820060F02C /* Debug */,
				8C2A2DD41ECCC7820060F02C /* Release */,
			);
			defaultConfigurationIsVisible = 0;
			defaultConfigurationName = Release;
		};
		8C2A2DD51ECCC7820060F02C /* Build configuration list for PBXNativeTarget "EncoreScientific" */ = {
			isa = XCConfigurationList;
			buildConfigurations = (
				8C2A2DD61ECCC7820060F02C /* Debug */,
				8C2A2DD71ECCC7820060F02C /* Release */,
			);
			defaultConfigurationIsVisible = 0;
			defaultConfigurationName = Release;
		};
		8C2A2DD81ECCC7820060F02C /* Build configuration list for PBXNativeTarget "EncoreScientificTests" */ = {
			isa = XCConfigurationList;
			buildConfigurations = (
				8C2A2DD91ECCC7820060F02C /* Debug */,
				8C2A2DDA1ECCC7820060F02C /* Release */,
			);
			defaultConfigurationIsVisible = 0;
			defaultConfigurationName = Release;
		};
		8C2A2DDB1ECCC7820060F02C /* Build configuration list for PBXNativeTarget "EncoreScientificUITests" */ = {
			isa = XCConfigurationList;
			buildConfigurations = (
				8C2A2DDC1ECCC7820060F02C /* Debug */,
				8C2A2DDD1ECCC7820060F02C /* Release */,
			);
			defaultConfigurationIsVisible = 0;
			defaultConfigurationName = Release;
		};
/* End XCConfigurationList section */

/* Begin XCVersionGroup section */
		8C2A2DB41ECCC7820060F02C /* EncoreScientific.xcdatamodeld */ = {
			isa = XCVersionGroup;
			children = (
				8C2A2DB51ECCC7820060F02C /* EncoreScientific.xcdatamodel */,
			);
			currentVersion = 8C2A2DB51ECCC7820060F02C /* EncoreScientific.xcdatamodel */;
			path = EncoreScientific.xcdatamodeld;
			sourceTree = "<group>";
			versionGroupType = wrapper.xcdatamodel;
		};
/* End XCVersionGroup section */
	};
	rootObject = 8C2A2DA21ECCC7810060F02C /* Project object */;
}
